
Microsoft Visual Studio Solution File, Format Version 12.00
# Visual Studio Version 17
VisualStudioVersion = 17.3.32505.426
MinimumVisualStudioVersion = 10.0.40219.1
Project("{9A19103F-16F7-4668-BE54-9A1E7A4F7556}") = "AugmentationFramework", "AugmentationFramework\AugmentationFramework.csproj", "{1A691078-3D8A-4324-8AD9-9E2CB1417D79}"
EndProject
Project("{2150E333-8FDC-42A3-9474-1A3956D46DE8}") = "Solution Items", "Solution Items", "{FC592741-86C5-4920-9C4A-88DB54931D81}"
EndProject
Project("{9A19103F-16F7-4668-BE54-9A1E7A4F7556}") = "AugmentationFrameworkSampleApp", "AugmentationSampleEditor\AugmentationFrameworkSampleApp.csproj", "{2C3DE69C-DA67-49A6-9768-32B33C94E022}"
EndProject
Project("{9A19103F-16F7-4668-BE54-9A1E7A4F7556}") = "WrapperApi", "WrapperApiSample\WrapperApi.csproj", "{7E5A6210-238E-470E-BF3F-9709860B70AC}"
EndProject
Project("{9A19103F-16F7-4668-BE54-9A1E7A4F7556}") = "WrapperApiSampleApp", "RoslynPadWrapperApiSample\WrapperApiSampleApp.csproj", "{22385620-C1B0-4D1A-8604-A6D2BA356ACA}"
EndProject
Project("{9A19103F-16F7-4668-BE54-9A1E7A4F7556}") = "CodeManagementSample", "CodeManagementSample\CodeManagementSample.csproj", "{76CCCD2D-8EBE-49A7-9CD7-23E3558EF534}"
EndProject
Project("{9A19103F-16F7-4668-BE54-9A1E7A4F7556}") = "SampleAnalyzer", "SampleAnalyzer\SampleAnalyzer\SampleAnalyzer.csproj", "{4CBD69F7-018A-4A64-B8CF-7B1ECF1BAC7C}"
EndProject
Project("{9A19103F-16F7-4668-BE54-9A1E7A4F7556}") = "SampleAnalyzer.CodeFixes", "SampleAnalyzer\SampleAnalyzer.CodeFixes\SampleAnalyzer.CodeFixes.csproj", "{F8FA5BE1-80E8-4875-B054-EECD1C2091D8}"
EndProject
Project("{9A19103F-16F7-4668-BE54-9A1E7A4F7556}") = "SampleAnalyzer.Package", "SampleAnalyzer\SampleAnalyzer.Package\SampleAnalyzer.Package.csproj", "{B096DED7-B47C-4ACF-A1DC-A40275100C62}"
EndProject
Project("{9A19103F-16F7-4668-BE54-9A1E7A4F7556}") = "SampleAnalyzer.Test", "SampleAnalyzer\SampleAnalyzer.Test\SampleAnalyzer.Test.csproj", "{B1DF49E4-13F3-4266-B2EE-C609FEE52828}"
EndProject
Project("{9A19103F-16F7-4668-BE54-9A1E7A4F7556}") = "SampleAnalyzer.Vsix", "SampleAnalyzer\SampleAnalyzer.Vsix\SampleAnalyzer.Vsix.csproj", "{7DFD0086-156F-4557-ABBF-53DF30B034C0}"
EndProject
Project("{2150E333-8FDC-42A3-9474-1A3956D46DE8}") = "Analyzer", "Analyzer", "{30A5588B-97FC-4E72-86C7-42E3270DC523}"
EndProject
Project("{2150E333-8FDC-42A3-9474-1A3956D46DE8}") = "Wrapper API", "Wrapper API", "{F9BB9AF9-9389-4AA1-980C-BFCAE7DC416C}"
EndProject
Project("{2150E333-8FDC-42A3-9474-1A3956D46DE8}") = "Augmentation Framework", "Augmentation Framework", "{45D10387-BFBB-460F-B27B-EECFC418AABC}"
EndProject
Project("{2150E333-8FDC-42A3-9474-1A3956D46DE8}") = "NewFolder1", "NewFolder1", "{FA30114C-C6D3-4414-A5F4-EF98771561E6}"
EndProject
Global
	GlobalSection(SolutionConfigurationPlatforms) = preSolution
		Debug|Any CPU = Debug|Any CPU
		Release|Any CPU = Release|Any CPU
	EndGlobalSection
	GlobalSection(ProjectConfigurationPlatforms) = postSolution
		{1A691078-3D8A-4324-8AD9-9E2CB1417D79}.Debug|Any CPU.ActiveCfg = Debug|Any CPU
		{1A691078-3D8A-4324-8AD9-9E2CB1417D79}.Debug|Any CPU.Build.0 = Debug|Any CPU
		{1A691078-3D8A-4324-8AD9-9E2CB1417D79}.Release|Any CPU.ActiveCfg = Release|Any CPU
		{1A691078-3D8A-4324-8AD9-9E2CB1417D79}.Release|Any CPU.Build.0 = Release|Any CPU
		{2C3DE69C-DA67-49A6-9768-32B33C94E022}.Debug|Any CPU.ActiveCfg = Debug|Any CPU
		{2C3DE69C-DA67-49A6-9768-32B33C94E022}.Debug|Any CPU.Build.0 = Debug|Any CPU
		{2C3DE69C-DA67-49A6-9768-32B33C94E022}.Release|Any CPU.ActiveCfg = Release|Any CPU
		{2C3DE69C-DA67-49A6-9768-32B33C94E022}.Release|Any CPU.Build.0 = Release|Any CPU
		{7E5A6210-238E-470E-BF3F-9709860B70AC}.Debug|Any CPU.ActiveCfg = Debug|Any CPU
		{7E5A6210-238E-470E-BF3F-9709860B70AC}.Debug|Any CPU.Build.0 = Debug|Any CPU
		{7E5A6210-238E-470E-BF3F-9709860B70AC}.Release|Any CPU.ActiveCfg = Release|Any CPU
		{7E5A6210-238E-470E-BF3F-9709860B70AC}.Release|Any CPU.Build.0 = Release|Any CPU
		{22385620-C1B0-4D1A-8604-A6D2BA356ACA}.Debug|Any CPU.ActiveCfg = Debug|Any CPU
		{22385620-C1B0-4D1A-8604-A6D2BA356ACA}.Debug|Any CPU.Build.0 = Debug|Any CPU
		{22385620-C1B0-4D1A-8604-A6D2BA356ACA}.Release|Any CPU.ActiveCfg = Release|Any CPU
		{22385620-C1B0-4D1A-8604-A6D2BA356ACA}.Release|Any CPU.Build.0 = Release|Any CPU
		{76CCCD2D-8EBE-49A7-9CD7-23E3558EF534}.Debug|Any CPU.ActiveCfg = Debug|Any CPU
		{76CCCD2D-8EBE-49A7-9CD7-23E3558EF534}.Debug|Any CPU.Build.0 = Debug|Any CPU
		{76CCCD2D-8EBE-49A7-9CD7-23E3558EF534}.Release|Any CPU.ActiveCfg = Release|Any CPU
		{76CCCD2D-8EBE-49A7-9CD7-23E3558EF534}.Release|Any CPU.Build.0 = Release|Any CPU
		{4CBD69F7-018A-4A64-B8CF-7B1ECF1BAC7C}.Debug|Any CPU.ActiveCfg = Debug|Any CPU
		{4CBD69F7-018A-4A64-B8CF-7B1ECF1BAC7C}.Debug|Any CPU.Build.0 = Debug|Any CPU
		{4CBD69F7-018A-4A64-B8CF-7B1ECF1BAC7C}.Release|Any CPU.ActiveCfg = Release|Any CPU
		{4CBD69F7-018A-4A64-B8CF-7B1ECF1BAC7C}.Release|Any CPU.Build.0 = Release|Any CPU
		{F8FA5BE1-80E8-4875-B054-EECD1C2091D8}.Debug|Any CPU.ActiveCfg = Debug|Any CPU
		{F8FA5BE1-80E8-4875-B054-EECD1C2091D8}.Debug|Any CPU.Build.0 = Debug|Any CPU
		{F8FA5BE1-80E8-4875-B054-EECD1C2091D8}.Release|Any CPU.ActiveCfg = Release|Any CPU
		{F8FA5BE1-80E8-4875-B054-EECD1C2091D8}.Release|Any CPU.Build.0 = Release|Any CPU
		{B096DED7-B47C-4ACF-A1DC-A40275100C62}.Debug|Any CPU.ActiveCfg = Debug|Any CPU
		{B096DED7-B47C-4ACF-A1DC-A40275100C62}.Debug|Any CPU.Build.0 = Debug|Any CPU
		{B096DED7-B47C-4ACF-A1DC-A40275100C62}.Release|Any CPU.ActiveCfg = Release|Any CPU
		{B096DED7-B47C-4ACF-A1DC-A40275100C62}.Release|Any CPU.Build.0 = Release|Any CPU
		{B1DF49E4-13F3-4266-B2EE-C609FEE52828}.Debug|Any CPU.ActiveCfg = Debug|Any CPU
		{B1DF49E4-13F3-4266-B2EE-C609FEE52828}.Debug|Any CPU.Build.0 = Debug|Any CPU
		{B1DF49E4-13F3-4266-B2EE-C609FEE52828}.Release|Any CPU.ActiveCfg = Release|Any CPU
		{B1DF49E4-13F3-4266-B2EE-C609FEE52828}.Release|Any CPU.Build.0 = Release|Any CPU
		{7DFD0086-156F-4557-ABBF-53DF30B034C0}.Debug|Any CPU.ActiveCfg = Debug|Any CPU
		{7DFD0086-156F-4557-ABBF-53DF30B034C0}.Debug|Any CPU.Build.0 = Debug|Any CPU
		{7DFD0086-156F-4557-ABBF-53DF30B034C0}.Release|Any CPU.ActiveCfg = Release|Any CPU
		{7DFD0086-156F-4557-ABBF-53DF30B034C0}.Release|Any CPU.Build.0 = Release|Any CPU
	EndGlobalSection
	GlobalSection(SolutionProperties) = preSolution
		HideSolutionNode = FALSE
	EndGlobalSection
	GlobalSection(NestedProjects) = preSolution
		{4CBD69F7-018A-4A64-B8CF-7B1ECF1BAC7C} = {30A5588B-97FC-4E72-86C7-42E3270DC523}
		{F8FA5BE1-80E8-4875-B054-EECD1C2091D8} = {30A5588B-97FC-4E72-86C7-42E3270DC523}
		{B096DED7-B47C-4ACF-A1DC-A40275100C62} = {30A5588B-97FC-4E72-86C7-42E3270DC523}
		{B1DF49E4-13F3-4266-B2EE-C609FEE52828} = {30A5588B-97FC-4E72-86C7-42E3270DC523}
		{7DFD0086-156F-4557-ABBF-53DF30B034C0} = {30A5588B-97FC-4E72-86C7-42E3270DC523}
	EndGlobalSection
	GlobalSection(ExtensibilityGlobals) = postSolution
		SolutionGuid = {AF620B00-2534-4CB8-A2F3-A084DDEBD4BE}
	EndGlobalSection
EndGlobal
